// !$*UTF8*$!
{
	archiveVersion = 1;
	classes = {
	};
	objectVersion = 50;
	objects = {

/* Begin PBXBuildFile section */
		DC4E32B02618CE6E00C989F4 /* AbstractFactory.swift in Sources */ = {isa = PBXBuildFile; fileRef = DC4E32AF2618CE6E00C989F4 /* AbstractFactory.swift */; };
		DC4E32BB2618CEB800C989F4 /* testAbstractFactoryPattern.swift in Sources */ = {isa = PBXBuildFile; fileRef = DC4E32BA2618CEB800C989F4 /* testAbstractFactoryPattern.swift */; };
		DCEE361225DACC35006B695F /* AppDelegate.swift in Sources */ = {isa = PBXBuildFile; fileRef = DCEE361125DACC35006B695F /* AppDelegate.swift */; };
		DCEE361625DACC35006B695F /* ViewController.swift in Sources */ = {isa = PBXBuildFile; fileRef = DCEE361525DACC35006B695F /* ViewController.swift */; };
		DCEE361925DACC35006B695F /* Main.storyboard in Resources */ = {isa = PBXBuildFile; fileRef = DCEE361725DACC35006B695F /* Main.storyboard */; };
		DCEE361B25DACC37006B695F /* Assets.xcassets in Resources */ = {isa = PBXBuildFile; fileRef = DCEE361A25DACC37006B695F /* Assets.xcassets */; };
		DCEE361E25DACC37006B695F /* LaunchScreen.storyboard in Resources */ = {isa = PBXBuildFile; fileRef = DCEE361C25DACC37006B695F /* LaunchScreen.storyboard */; };
		DCEE362925DACC37006B695F /* DesignPatternsTests.swift in Sources */ = {isa = PBXBuildFile; fileRef = DCEE362825DACC37006B695F /* DesignPatternsTests.swift */; };
		DCEE363425DACC37006B695F /* DesignPatternsUITests.swift in Sources */ = {isa = PBXBuildFile; fileRef = DCEE363325DACC37006B695F /* DesignPatternsUITests.swift */; };
		DCEE364525DACC72006B695F /* testFactoryPattern.swift in Sources */ = {isa = PBXBuildFile; fileRef = DCEE364425DACC72006B695F /* testFactoryPattern.swift */; };
		DCEE364B25DACCD2006B695F /* Factory.swift in Sources */ = {isa = PBXBuildFile; fileRef = DCEE364A25DACCD2006B695F /* Factory.swift */; };
		DCF55A5E25FA5B1700F6AF95 /* Builder.swift in Sources */ = {isa = PBXBuildFile; fileRef = DCF55A5D25FA5B1700F6AF95 /* Builder.swift */; };
		DCF55A6325FA5B9D00F6AF95 /* testBuilderPattern.swift in Sources */ = {isa = PBXBuildFile; fileRef = DCF55A6225FA5B9D00F6AF95 /* testBuilderPattern.swift */; };
/* End PBXBuildFile section */

/* Begin PBXContainerItemProxy section */
		DCEE362525DACC37006B695F /* PBXContainerItemProxy */ = {
			isa = PBXContainerItemProxy;
			containerPortal = DCEE360625DACC35006B695F /* Project object */;
			proxyType = 1;
			remoteGlobalIDString = DCEE360D25DACC35006B695F;
			remoteInfo = DesignPatterns;
		};
		DCEE363025DACC37006B695F /* PBXContainerItemProxy */ = {
			isa = PBXContainerItemProxy;
			containerPortal = DCEE360625DACC35006B695F /* Project object */;
			proxyType = 1;
			remoteGlobalIDString = DCEE360D25DACC35006B695F;
			remoteInfo = DesignPatterns;
		};
/* End PBXContainerItemProxy section */

/* Begin PBXFileReference section */
		DC20BAB3265447AD00102AC0 /* Builder.playground */ = {isa = PBXFileReference; lastKnownFileType = file.playground; path = Builder.playground; sourceTree = "<group>"; xcLanguageSpecificationIdentifier = xcode.lang.swift; };
		DC4E32AF2618CE6E00C989F4 /* AbstractFactory.swift */ = {isa = PBXFileReference; lastKnownFileType = sourcecode.swift; path = AbstractFactory.swift; sourceTree = "<group>"; };
		DC4E32BA2618CEB800C989F4 /* testAbstractFactoryPattern.swift */ = {isa = PBXFileReference; lastKnownFileType = sourcecode.swift; path = testAbstractFactoryPattern.swift; sourceTree = "<group>"; };
		DC664DE42656C9EF00D85355 /* Decorator.playground */ = {isa = PBXFileReference; lastKnownFileType = file.playground; path = Decorator.playground; sourceTree = "<group>"; xcLanguageSpecificationIdentifier = xcode.lang.swift; };
		DC664DE52656CF6600D85355 /* Facade.playground */ = {isa = PBXFileReference; lastKnownFileType = file.playground; path = Facade.playground; sourceTree = "<group>"; xcLanguageSpecificationIdentifier = xcode.lang.swift; };
		DC664DE62656E26B00D85355 /* Adapter.playground */ = {isa = PBXFileReference; lastKnownFileType = file.playground; path = Adapter.playground; sourceTree = "<group>"; xcLanguageSpecificationIdentifier = xcode.lang.swift; };
		DCAD721326687C9C00CE7130 /* Singleton.playground */ = {isa = PBXFileReference; lastKnownFileType = file.playground; path = Singleton.playground; sourceTree = "<group>"; xcLanguageSpecificationIdentifier = xcode.lang.swift; };
		DCAD721526687DF900CE7130 /* Observer.playground */ = {isa = PBXFileReference; lastKnownFileType = file.playground; path = Observer.playground; sourceTree = "<group>"; xcLanguageSpecificationIdentifier = xcode.lang.swift; };
		DCBF666D261CBE0E008808B3 /* Builder.playground */ = {isa = PBXFileReference; lastKnownFileType = file.playground; path = Builder.playground; sourceTree = "<group>"; xcLanguageSpecificationIdentifier = xcode.lang.swift; };
		DCBF6671261CC6BB008808B3 /* Adapter.playground */ = {isa = PBXFileReference; lastKnownFileType = file.playground; path = Adapter.playground; sourceTree = "<group>"; xcLanguageSpecificationIdentifier = xcode.lang.swift; };
		DCBF6675261CD9FA008808B3 /* Facade.playground */ = {isa = PBXFileReference; lastKnownFileType = file.playground; path = Facade.playground; sourceTree = "<group>"; xcLanguageSpecificationIdentifier = xcode.lang.swift; };
		DCEDF59B2652F5080022B76E /* AbstractFactory.playground */ = {isa = PBXFileReference; lastKnownFileType = file.playground; path = AbstractFactory.playground; sourceTree = "<group>"; xcLanguageSpecificationIdentifier = xcode.lang.swift; };
		DCEDF59C2652FD7F0022B76E /* Factory.playground */ = {isa = PBXFileReference; lastKnownFileType = file.playground; path = Factory.playground; sourceTree = "<group>"; xcLanguageSpecificationIdentifier = xcode.lang.swift; };
		DCEE360E25DACC35006B695F /* DesignPatterns.app */ = {isa = PBXFileReference; explicitFileType = wrapper.application; includeInIndex = 0; path = DesignPatterns.app; sourceTree = BUILT_PRODUCTS_DIR; };
		DCEE361125DACC35006B695F /* AppDelegate.swift */ = {isa = PBXFileReference; lastKnownFileType = sourcecode.swift; path = AppDelegate.swift; sourceTree = "<group>"; };
		DCEE361525DACC35006B695F /* ViewController.swift */ = {isa = PBXFileReference; lastKnownFileType = sourcecode.swift; path = ViewController.swift; sourceTree = "<group>"; };
		DCEE361825DACC35006B695F /* Base */ = {isa = PBXFileReference; lastKnownFileType = file.storyboard; name = Base; path = Base.lproj/Main.storyboard; sourceTree = "<group>"; };
		DCEE361A25DACC37006B695F /* Assets.xcassets */ = {isa = PBXFileReference; lastKnownFileType = folder.assetcatalog; path = Assets.xcassets; sourceTree = "<group>"; };
		DCEE361D25DACC37006B695F /* Base */ = {isa = PBXFileReference; lastKnownFileType = file.storyboard; name = Base; path = Base.lproj/LaunchScreen.storyboard; sourceTree = "<group>"; };
		DCEE361F25DACC37006B695F /* Info.plist */ = {isa = PBXFileReference; lastKnownFileType = text.plist.xml; path = Info.plist; sourceTree = "<group>"; };
		DCEE362425DACC37006B695F /* DesignPatternsTests.xctest */ = {isa = PBXFileReference; explicitFileType = wrapper.cfbundle; includeInIndex = 0; path = DesignPatternsTests.xctest; sourceTree = BUILT_PRODUCTS_DIR; };
		DCEE362825DACC37006B695F /* DesignPatternsTests.swift */ = {isa = PBXFileReference; lastKnownFileType = sourcecode.swift; path = DesignPatternsTests.swift; sourceTree = "<group>"; };
		DCEE362A25DACC37006B695F /* Info.plist */ = {isa = PBXFileReference; lastKnownFileType = text.plist.xml; path = Info.plist; sourceTree = "<group>"; };
		DCEE362F25DACC37006B695F /* DesignPatternsUITests.xctest */ = {isa = PBXFileReference; explicitFileType = wrapper.cfbundle; includeInIndex = 0; path = DesignPatternsUITests.xctest; sourceTree = BUILT_PRODUCTS_DIR; };
		DCEE363325DACC37006B695F /* DesignPatternsUITests.swift */ = {isa = PBXFileReference; lastKnownFileType = sourcecode.swift; path = DesignPatternsUITests.swift; sourceTree = "<group>"; };
		DCEE363525DACC37006B695F /* Info.plist */ = {isa = PBXFileReference; lastKnownFileType = text.plist.xml; path = Info.plist; sourceTree = "<group>"; };
		DCEE364425DACC72006B695F /* testFactoryPattern.swift */ = {isa = PBXFileReference; lastKnownFileType = sourcecode.swift; path = testFactoryPattern.swift; sourceTree = "<group>"; };
		DCEE364A25DACCD2006B695F /* Factory.swift */ = {isa = PBXFileReference; lastKnownFileType = sourcecode.swift; path = Factory.swift; sourceTree = "<group>"; };
		DCF55A5D25FA5B1700F6AF95 /* Builder.swift */ = {isa = PBXFileReference; lastKnownFileType = sourcecode.swift; path = Builder.swift; sourceTree = "<group>"; };
		DCF55A6225FA5B9D00F6AF95 /* testBuilderPattern.swift */ = {isa = PBXFileReference; lastKnownFileType = sourcecode.swift; path = testBuilderPattern.swift; sourceTree = "<group>"; };
/* End PBXFileReference section */

/* Begin PBXFrameworksBuildPhase section */
		DCEE360B25DACC35006B695F /* Frameworks */ = {
			isa = PBXFrameworksBuildPhase;
			buildActionMask = 2147483647;
			files = (
			);
			runOnlyForDeploymentPostprocessing = 0;
		};
		DCEE362125DACC37006B695F /* Frameworks */ = {
			isa = PBXFrameworksBuildPhase;
			buildActionMask = 2147483647;
			files = (
			);
			runOnlyForDeploymentPostprocessing = 0;
		};
		DCEE362C25DACC37006B695F /* Frameworks */ = {
			isa = PBXFrameworksBuildPhase;
			buildActionMask = 2147483647;
			files = (
			);
			runOnlyForDeploymentPostprocessing = 0;
		};
/* End PBXFrameworksBuildPhase section */

/* Begin PBXGroup section */
		DC664DE32656C9DE00D85355 /* Structural */ = {
			isa = PBXGroup;
			children = (
				DC664DE42656C9EF00D85355 /* Decorator.playground */,
				DC664DE52656CF6600D85355 /* Facade.playground */,
				DC664DE62656E26B00D85355 /* Adapter.playground */,
			);
			path = Structural;
			sourceTree = "<group>";
		};
		DCAD721426687DE400CE7130 /* Behavioral */ = {
			isa = PBXGroup;
			children = (
				DCAD721526687DF900CE7130 /* Observer.playground */,
			);
			path = Behavioral;
			sourceTree = "<group>";
		};
		DCBF666C261CBDF0008808B3 /* Examples */ = {
			isa = PBXGroup;
			children = (
				DCAD721426687DE400CE7130 /* Behavioral */,
				DC664DE32656C9DE00D85355 /* Structural */,
				DCEDF59A2652F4DF0022B76E /* Creational */,
				DCBF666D261CBE0E008808B3 /* Builder.playground */,
				DCBF6671261CC6BB008808B3 /* Adapter.playground */,
				DCBF6675261CD9FA008808B3 /* Facade.playground */,
			);
			path = Examples;
			sourceTree = "<group>";
		};
		DCEDF59A2652F4DF0022B76E /* Creational */ = {
			isa = PBXGroup;
			children = (
				DCEDF59B2652F5080022B76E /* AbstractFactory.playground */,
				DCEDF59C2652FD7F0022B76E /* Factory.playground */,
				DC20BAB3265447AD00102AC0 /* Builder.playground */,
				DCAD721326687C9C00CE7130 /* Singleton.playground */,
			);
			path = Creational;
			sourceTree = "<group>";
		};
		DCEE360525DACC35006B695F = {
			isa = PBXGroup;
			children = (
				DCEE361025DACC35006B695F /* DesignPatterns */,
				DCEE362725DACC37006B695F /* DesignPatternsTests */,
				DCEE363225DACC37006B695F /* DesignPatternsUITests */,
				DCEE360F25DACC35006B695F /* Products */,
			);
			sourceTree = "<group>";
		};
		DCEE360F25DACC35006B695F /* Products */ = {
			isa = PBXGroup;
			children = (
				DCEE360E25DACC35006B695F /* DesignPatterns.app */,
				DCEE362425DACC37006B695F /* DesignPatternsTests.xctest */,
				DCEE362F25DACC37006B695F /* DesignPatternsUITests.xctest */,
			);
			name = Products;
			sourceTree = "<group>";
		};
		DCEE361025DACC35006B695F /* DesignPatterns */ = {
			isa = PBXGroup;
			children = (
				DCBF666C261CBDF0008808B3 /* Examples */,
				DCEE364925DACCA6006B695F /* Patterns */,
				DCEE361125DACC35006B695F /* AppDelegate.swift */,
				DCEE361525DACC35006B695F /* ViewController.swift */,
				DCEE361725DACC35006B695F /* Main.storyboard */,
				DCEE361A25DACC37006B695F /* Assets.xcassets */,
				DCEE361C25DACC37006B695F /* LaunchScreen.storyboard */,
				DCEE361F25DACC37006B695F /* Info.plist */,
			);
			path = DesignPatterns;
			sourceTree = "<group>";
		};
		DCEE362725DACC37006B695F /* DesignPatternsTests */ = {
			isa = PBXGroup;
			children = (
				DCEE362825DACC37006B695F /* DesignPatternsTests.swift */,
				DCEE362A25DACC37006B695F /* Info.plist */,
				DCEE364425DACC72006B695F /* testFactoryPattern.swift */,
				DCF55A6225FA5B9D00F6AF95 /* testBuilderPattern.swift */,
				DC4E32BA2618CEB800C989F4 /* testAbstractFactoryPattern.swift */,
			);
			path = DesignPatternsTests;
			sourceTree = "<group>";
		};
		DCEE363225DACC37006B695F /* DesignPatternsUITests */ = {
			isa = PBXGroup;
			children = (
				DCEE363325DACC37006B695F /* DesignPatternsUITests.swift */,
				DCEE363525DACC37006B695F /* Info.plist */,
			);
			path = DesignPatternsUITests;
			sourceTree = "<group>";
		};
		DCEE364925DACCA6006B695F /* Patterns */ = {
			isa = PBXGroup;
			children = (
				DCEE364A25DACCD2006B695F /* Factory.swift */,
				DCF55A5D25FA5B1700F6AF95 /* Builder.swift */,
				DC4E32AF2618CE6E00C989F4 /* AbstractFactory.swift */,
			);
			path = Patterns;
			sourceTree = "<group>";
		};
/* End PBXGroup section */

/* Begin PBXNativeTarget section */
		DCEE360D25DACC35006B695F /* DesignPatterns */ = {
			isa = PBXNativeTarget;
			buildConfigurationList = DCEE363825DACC37006B695F /* Build configuration list for PBXNativeTarget "DesignPatterns" */;
			buildPhases = (
				DCEE360A25DACC35006B695F /* Sources */,
				DCEE360B25DACC35006B695F /* Frameworks */,
				DCEE360C25DACC35006B695F /* Resources */,
			);
			buildRules = (
			);
			dependencies = (
			);
			name = DesignPatterns;
			productName = DesignPatterns;
			productReference = DCEE360E25DACC35006B695F /* DesignPatterns.app */;
			productType = "com.apple.product-type.application";
		};
		DCEE362325DACC37006B695F /* DesignPatternsTests */ = {
			isa = PBXNativeTarget;
			buildConfigurationList = DCEE363B25DACC37006B695F /* Build configuration list for PBXNativeTarget "DesignPatternsTests" */;
			buildPhases = (
				DCEE362025DACC37006B695F /* Sources */,
				DCEE362125DACC37006B695F /* Frameworks */,
				DCEE362225DACC37006B695F /* Resources */,
			);
			buildRules = (
			);
			dependencies = (
				DCEE362625DACC37006B695F /* PBXTargetDependency */,
			);
			name = DesignPatternsTests;
			productName = DesignPatternsTests;
			productReference = DCEE362425DACC37006B695F /* DesignPatternsTests.xctest */;
			productType = "com.apple.product-type.bundle.unit-test";
		};
		DCEE362E25DACC37006B695F /* DesignPatternsUITests */ = {
			isa = PBXNativeTarget;
			buildConfigurationList = DCEE363E25DACC37006B695F /* Build configuration list for PBXNativeTarget "DesignPatternsUITests" */;
			buildPhases = (
				DCEE362B25DACC37006B695F /* Sources */,
				DCEE362C25DACC37006B695F /* Frameworks */,
				DCEE362D25DACC37006B695F /* Resources */,
			);
			buildRules = (
			);
			dependencies = (
				DCEE363125DACC37006B695F /* PBXTargetDependency */,
			);
			name = DesignPatternsUITests;
			productName = DesignPatternsUITests;
			productReference = DCEE362F25DACC37006B695F /* DesignPatternsUITests.xctest */;
			productType = "com.apple.product-type.bundle.ui-testing";
		};
/* End PBXNativeTarget section */

/* Begin PBXProject section */
		DCEE360625DACC35006B695F /* Project object */ = {
			isa = PBXProject;
			attributes = {
				LastSwiftUpdateCheck = 1240;
				LastUpgradeCheck = 1240;
				TargetAttributes = {
					DCEE360D25DACC35006B695F = {
						CreatedOnToolsVersion = 12.4;
					};
					DCEE362325DACC37006B695F = {
						CreatedOnToolsVersion = 12.4;
						TestTargetID = DCEE360D25DACC35006B695F;
					};
					DCEE362E25DACC37006B695F = {
						CreatedOnToolsVersion = 12.4;
						TestTargetID = DCEE360D25DACC35006B695F;
					};
				};
			};
			buildConfigurationList = DCEE360925DACC35006B695F /* Build configuration list for PBXProject "DesignPatterns" */;
			compatibilityVersion = "Xcode 9.3";
			developmentRegion = en;
			hasScannedForEncodings = 0;
			knownRegions = (
				en,
				Base,
			);
			mainGroup = DCEE360525DACC35006B695F;
			productRefGroup = DCEE360F25DACC35006B695F /* Products */;
			projectDirPath = "";
			projectRoot = "";
			targets = (
				DCEE360D25DACC35006B695F /* DesignPatterns */,
				DCEE362325DACC37006B695F /* DesignPatternsTests */,
				DCEE362E25DACC37006B695F /* DesignPatternsUITests */,
			);
		};
/* End PBXProject section */

/* Begin PBXResourcesBuildPhase section */
		DCEE360C25DACC35006B695F /* Resources */ = {
			isa = PBXResourcesBuildPhase;
			buildActionMask = 2147483647;
			files = (
				DCEE361E25DACC37006B695F /* LaunchScreen.storyboard in Resources */,
				DCEE361B25DACC37006B695F /* Assets.xcassets in Resources */,
				DCEE361925DACC35006B695F /* Main.storyboard in Resources */,
			);
			runOnlyForDeploymentPostprocessing = 0;
		};
		DCEE362225DACC37006B695F /* Resources */ = {
			isa = PBXResourcesBuildPhase;
			buildActionMask = 2147483647;
			files = (
			);
			runOnlyForDeploymentPostprocessing = 0;
		};
		DCEE362D25DACC37006B695F /* Resources */ = {
			isa = PBXResourcesBuildPhase;
			buildActionMask = 2147483647;
			files = (
			);
			runOnlyForDeploymentPostprocessing = 0;
		};
/* End PBXResourcesBuildPhase section */

/* Begin PBXSourcesBuildPhase section */
		DCEE360A25DACC35006B695F /* Sources */ = {
			isa = PBXSourcesBuildPhase;
			buildActionMask = 2147483647;
			files = (
				DCEE364B25DACCD2006B695F /* Factory.swift in Sources */,
				DCEE361625DACC35006B695F /* ViewController.swift in Sources */,
				DC4E32B02618CE6E00C989F4 /* AbstractFactory.swift in Sources */,
				DCEE361225DACC35006B695F /* AppDelegate.swift in Sources */,
				DCF55A5E25FA5B1700F6AF95 /* Builder.swift in Sources */,
			);
			runOnlyForDeploymentPostprocessing = 0;
		};
		DCEE362025DACC37006B695F /* Sources */ = {
			isa = PBXSourcesBuildPhase;
			buildActionMask = 2147483647;
			files = (
				DCEE362925DACC37006B695F /* DesignPatternsTests.swift in Sources */,
				DCF55A6325FA5B9D00F6AF95 /* testBuilderPattern.swift in Sources */,
				DC4E32BB2618CEB800C989F4 /* testAbstractFactoryPattern.swift in Sources */,
				DCEE364525DACC72006B695F /* testFactoryPattern.swift in Sources */,
			);
			runOnlyForDeploymentPostprocessing = 0;
		};
		DCEE362B25DACC37006B695F /* Sources */ = {
			isa = PBXSourcesBuildPhase;
			buildActionMask = 2147483647;
			files = (
				DCEE363425DACC37006B695F /* DesignPatternsUITests.swift in Sources */,
			);
			runOnlyForDeploymentPostprocessing = 0;
		};
/* End PBXSourcesBuildPhase section */

/* Begin PBXTargetDependency section */
		DCEE362625DACC37006B695F /* PBXTargetDependency */ = {
			isa = PBXTargetDependency;
			target = DCEE360D25DACC35006B695F /* DesignPatterns */;
			targetProxy = DCEE362525DACC37006B695F /* PBXContainerItemProxy */;
		};
		DCEE363125DACC37006B695F /* PBXTargetDependency */ = {
			isa = PBXTargetDependency;
			target = DCEE360D25DACC35006B695F /* DesignPatterns */;
			targetProxy = DCEE363025DACC37006B695F /* PBXContainerItemProxy */;
		};
/* End PBXTargetDependency section */

/* Begin PBXVariantGroup section */
		DCEE361725DACC35006B695F /* Main.storyboard */ = {
			isa = PBXVariantGroup;
			children = (
				DCEE361825DACC35006B695F /* Base */,
			);
			name = Main.storyboard;
			sourceTree = "<group>";
		};
		DCEE361C25DACC37006B695F /* LaunchScreen.storyboard */ = {
			isa = PBXVariantGroup;
			children = (
				DCEE361D25DACC37006B695F /* Base */,
			);
			name = LaunchScreen.storyboard;
			sourceTree = "<group>";
		};
/* End PBXVariantGroup section */

/* Begin XCBuildConfiguration section */
		DCEE363625DACC37006B695F /* Debug */ = {
			isa = XCBuildConfiguration;
			buildSettings = {
				ALWAYS_SEARCH_USER_PATHS = NO;
				CLANG_ANALYZER_NONNULL = YES;
				CLANG_ANALYZER_NUMBER_OBJECT_CONVERSION = YES_AGGRESSIVE;
				CLANG_CXX_LANGUAGE_STANDARD = "gnu++14";
				CLANG_CXX_LIBRARY = "libc++";
				CLANG_ENABLE_MODULES = YES;
				CLANG_ENABLE_OBJC_ARC = YES;
				CLANG_ENABLE_OBJC_WEAK = YES;
				CLANG_WARN_BLOCK_CAPTURE_AUTORELEASING = YES;
				CLANG_WARN_BOOL_CONVERSION = YES;
				CLANG_WARN_COMMA = YES;
				CLANG_WARN_CONSTANT_CONVERSION = YES;
				CLANG_WARN_DEPRECATED_OBJC_IMPLEMENTATIONS = YES;
				CLANG_WARN_DIRECT_OBJC_ISA_USAGE = YES_ERROR;
				CLANG_WARN_DOCUMENTATION_COMMENTS = YES;
				CLANG_WARN_EMPTY_BODY = YES;
				CLANG_WARN_ENUM_CONVERSION = YES;
				CLANG_WARN_INFINITE_RECURSION = YES;
				CLANG_WARN_INT_CONVERSION = YES;
				CLANG_WARN_NON_LITERAL_NULL_CONVERSION = YES;
				CLANG_WARN_OBJC_IMPLICIT_RETAIN_SELF = YES;
				CLANG_WARN_OBJC_LITERAL_CONVERSION = YES;
				CLANG_WARN_OBJC_ROOT_CLASS = YES_ERROR;
				CLANG_WARN_QUOTED_INCLUDE_IN_FRAMEWORK_HEADER = YES;
				CLANG_WARN_RANGE_LOOP_ANALYSIS = YES;
				CLANG_WARN_STRICT_PROTOTYPES = YES;
				CLANG_WARN_SUSPICIOUS_MOVE = YES;
				CLANG_WARN_UNGUARDED_AVAILABILITY = YES_AGGRESSIVE;
				CLANG_WARN_UNREACHABLE_CODE = YES;
				CLANG_WARN__DUPLICATE_METHOD_MATCH = YES;
				COPY_PHASE_STRIP = NO;
				DEBUG_INFORMATION_FORMAT = dwarf;
				ENABLE_STRICT_OBJC_MSGSEND = YES;
				ENABLE_TESTABILITY = YES;
				GCC_C_LANGUAGE_STANDARD = gnu11;
				GCC_DYNAMIC_NO_PIC = NO;
				GCC_NO_COMMON_BLOCKS = YES;
				GCC_OPTIMIZATION_LEVEL = 0;
				GCC_PREPROCESSOR_DEFINITIONS = (
					"DEBUG=1",
					"$(inherited)",
				);
				GCC_WARN_64_TO_32_BIT_CONVERSION = YES;
				GCC_WARN_ABOUT_RETURN_TYPE = YES_ERROR;
				GCC_WARN_UNDECLARED_SELECTOR = YES;
				GCC_WARN_UNINITIALIZED_AUTOS = YES_AGGRESSIVE;
				GCC_WARN_UNUSED_FUNCTION = YES;
				GCC_WARN_UNUSED_VARIABLE = YES;
				IPHONEOS_DEPLOYMENT_TARGET = 14.4;
				MTL_ENABLE_DEBUG_INFO = INCLUDE_SOURCE;
				MTL_FAST_MATH = YES;
				ONLY_ACTIVE_ARCH = YES;
				SDKROOT = iphoneos;
				SWIFT_ACTIVE_COMPILATION_CONDITIONS = DEBUG;
				SWIFT_OPTIMIZATION_LEVEL = "-Onone";
			};
			name = Debug;
		};
		DCEE363725DACC37006B695F /* Release */ = {
			isa = XCBuildConfiguration;
			buildSettings = {
				ALWAYS_SEARCH_USER_PATHS = NO;
				CLANG_ANALYZER_NONNULL = YES;
				CLANG_ANALYZER_NUMBER_OBJECT_CONVERSION = YES_AGGRESSIVE;
				CLANG_CXX_LANGUAGE_STANDARD = "gnu++14";
				CLANG_CXX_LIBRARY = "libc++";
				CLANG_ENABLE_MODULES = YES;
				CLANG_ENABLE_OBJC_ARC = YES;
				CLANG_ENABLE_OBJC_WEAK = YES;
				CLANG_WARN_BLOCK_CAPTURE_AUTORELEASING = YES;
				CLANG_WARN_BOOL_CONVERSION = YES;
				CLANG_WARN_COMMA = YES;
				CLANG_WARN_CONSTANT_CONVERSION = YES;
				CLANG_WARN_DEPRECATED_OBJC_IMPLEMENTATIONS = YES;
				CLANG_WARN_DIRECT_OBJC_ISA_USAGE = YES_ERROR;
				CLANG_WARN_DOCUMENTATION_COMMENTS = YES;
				CLANG_WARN_EMPTY_BODY = YES;
				CLANG_WARN_ENUM_CONVERSION = YES;
				CLANG_WARN_INFINITE_RECURSION = YES;
				CLANG_WARN_INT_CONVERSION = YES;
				CLANG_WARN_NON_LITERAL_NULL_CONVERSION = YES;
				CLANG_WARN_OBJC_IMPLICIT_RETAIN_SELF = YES;
				CLANG_WARN_OBJC_LITERAL_CONVERSION = YES;
				CLANG_WARN_OBJC_ROOT_CLASS = YES_ERROR;
				CLANG_WARN_QUOTED_INCLUDE_IN_FRAMEWORK_HEADER = YES;
				CLANG_WARN_RANGE_LOOP_ANALYSIS = YES;
				CLANG_WARN_STRICT_PROTOTYPES = YES;
				CLANG_WARN_SUSPICIOUS_MOVE = YES;
				CLANG_WARN_UNGUARDED_AVAILABILITY = YES_AGGRESSIVE;
				CLANG_WARN_UNREACHABLE_CODE = YES;
				CLANG_WARN__DUPLICATE_METHOD_MATCH = YES;
				COPY_PHASE_STRIP = NO;
				DEBUG_INFORMATION_FORMAT = "dwarf-with-dsym";
				ENABLE_NS_ASSERTIONS = NO;
				ENABLE_STRICT_OBJC_MSGSEND = YES;
				GCC_C_LANGUAGE_STANDARD = gnu11;
				GCC_NO_COMMON_BLOCKS = YES;
				GCC_WARN_64_TO_32_BIT_CONVERSION = YES;
				GCC_WARN_ABOUT_RETURN_TYPE = YES_ERROR;
				GCC_WARN_UNDECLARED_SELECTOR = YES;
				GCC_WARN_UNINITIALIZED_AUTOS = YES_AGGRESSIVE;
				GCC_WARN_UNUSED_FUNCTION = YES;
				GCC_WARN_UNUSED_VARIABLE = YES;
				IPHONEOS_DEPLOYMENT_TARGET = 14.4;
				MTL_ENABLE_DEBUG_INFO = NO;
				MTL_FAST_MATH = YES;
				SDKROOT = iphoneos;
				SWIFT_COMPILATION_MODE = wholemodule;
				SWIFT_OPTIMIZATION_LEVEL = "-O";
				VALIDATE_PRODUCT = YES;
			};
			name = Release;
		};
		DCEE363925DACC37006B695F /* Debug */ = {
			isa = XCBuildConfiguration;
			buildSettings = {
				ASSETCATALOG_COMPILER_APPICON_NAME = AppIcon;
				ASSETCATALOG_COMPILER_GLOBAL_ACCENT_COLOR_NAME = AccentColor;
				CODE_SIGN_STYLE = Automatic;
				DEVELOPMENT_TEAM = E24U54RDT5;
				INFOPLIST_FILE = DesignPatterns/Info.plist;
				LD_RUNPATH_SEARCH_PATHS = (
					"$(inherited)",
					"@executable_path/Frameworks",
				);
				PRODUCT_BUNDLE_IDENTIFIER = com.uisameer.DesignPatterns;
				PRODUCT_NAME = "$(TARGET_NAME)";
				SWIFT_VERSION = 5.0;
				TARGETED_DEVICE_FAMILY = "1,2";
			};
			name = Debug;
		};
		DCEE363A25DACC37006B695F /* Release */ = {
			isa = XCBuildConfiguration;
			buildSettings = {
				ASSETCATALOG_COMPILER_APPICON_NAME = AppIcon;
				ASSETCATALOG_COMPILER_GLOBAL_ACCENT_COLOR_NAME = AccentColor;
				CODE_SIGN_STYLE = Automatic;
				DEVELOPMENT_TEAM = E24U54RDT5;
				INFOPLIST_FILE = DesignPatterns/Info.plist;
				LD_RUNPATH_SEARCH_PATHS = (
					"$(inherited)",
					"@executable_path/Frameworks",
				);
				PRODUCT_BUNDLE_IDENTIFIER = com.uisameer.DesignPatterns;
				PRODUCT_NAME = "$(TARGET_NAME)";
				SWIFT_VERSION = 5.0;
				TARGETED_DEVICE_FAMILY = "1,2";
			};
			name = Release;
		};
		DCEE363C25DACC37006B695F /* Debug */ = {
			isa = XCBuildConfiguration;
			buildSettings = {
				ALWAYS_EMBED_SWIFT_STANDARD_LIBRARIES = YES;
				BUNDLE_LOADER = "$(TEST_HOST)";
				CODE_SIGN_STYLE = Automatic;
				DEVELOPMENT_TEAM = E24U54RDT5;
				INFOPLIST_FILE = DesignPatternsTests/Info.plist;
				IPHONEOS_DEPLOYMENT_TARGET = 14.4;
				LD_RUNPATH_SEARCH_PATHS = (
					"$(inherited)",
					"@executable_path/Frameworks",
					"@loader_path/Frameworks",
				);
				PRODUCT_BUNDLE_IDENTIFIER = com.uisameer.DesignPatternsTests;
				PRODUCT_NAME = "$(TARGET_NAME)";
				SWIFT_VERSION = 5.0;
				TARGETED_DEVICE_FAMILY = "1,2";
				TEST_HOST = "$(BUILT_PRODUCTS_DIR)/DesignPatterns.app/DesignPatterns";
			};
			name = Debug;
		};
		DCEE363D25DACC37006B695F /* Release */ = {
			isa = XCBuildConfiguration;
			buildSettings = {
				ALWAYS_EMBED_SWIFT_STANDARD_LIBRARIES = YES;
				BUNDLE_LOADER = "$(TEST_HOST)";
				CODE_SIGN_STYLE = Automatic;
				DEVELOPMENT_TEAM = E24U54RDT5;
				INFOPLIST_FILE = DesignPatternsTests/Info.plist;
				IPHONEOS_DEPLOYMENT_TARGET = 14.4;
				LD_RUNPATH_SEARCH_PATHS = (
					"$(inherited)",
					"@executable_path/Frameworks",
					"@loader_path/Frameworks",
				);
				PRODUCT_BUNDLE_IDENTIFIER = com.uisameer.DesignPatternsTests;
				PRODUCT_NAME = "$(TARGET_NAME)";
				SWIFT_VERSION = 5.0;
				TARGETED_DEVICE_FAMILY = "1,2";
				TEST_HOST = "$(BUILT_PRODUCTS_DIR)/DesignPatterns.app/DesignPatterns";
			};
			name = Release;
		};
		DCEE363F25DACC37006B695F /* Debug */ = {
			isa = XCBuildConfiguration;
			buildSettings = {
				ALWAYS_EMBED_SWIFT_STANDARD_LIBRARIES = YES;
				CODE_SIGN_STYLE = Automatic;
				DEVELOPMENT_TEAM = E24U54RDT5;
				INFOPLIST_FILE = DesignPatternsUITests/Info.plist;
				LD_RUNPATH_SEARCH_PATHS = (
					"$(inherited)",
					"@executable_path/Frameworks",
					"@loader_path/Frameworks",
				);
				PRODUCT_BUNDLE_IDENTIFIER = com.uisameer.DesignPatternsUITests;
				PRODUCT_NAME = "$(TARGET_NAME)";
				SWIFT_VERSION = 5.0;
				TARGETED_DEVICE_FAMILY = "1,2";
				TEST_TARGET_NAME = DesignPatterns;
			};
			name = Debug;
		};
		DCEE364025DACC37006B695F /* Release */ = {
			isa = XCBuildConfiguration;
			buildSettings = {
				ALWAYS_EMBED_SWIFT_STANDARD_LIBRARIES = YES;
				CODE_SIGN_STYLE = Automatic;
				DEVELOPMENT_TEAM = E24U54RDT5;
				INFOPLIST_FILE = DesignPatternsUITests/Info.plist;
				LD_RUNPATH_SEARCH_PATHS = (
					"$(inherited)",
					"@executable_path/Frameworks",
					"@loader_path/Frameworks",
				);
				PRODUCT_BUNDLE_IDENTIFIER = com.uisameer.DesignPatternsUITests;
				PRODUCT_NAME = "$(TARGET_NAME)";
				SWIFT_VERSION = 5.0;
				TARGETED_DEVICE_FAMILY = "1,2";
				TEST_TARGET_NAME = DesignPatterns;
			};
			name = Release;
		};
/* End XCBuildConfiguration section */

/* Begin XCConfigurationList section */
		DCEE360925DACC35006B695F /* Build configuration list for PBXProject "DesignPatterns" */ = {
			isa = XCConfigurationList;
			buildConfigurations = (
				DCEE363625DACC37006B695F /* Debug */,
				DCEE363725DACC37006B695F /* Release */,
			);
			defaultConfigurationIsVisible = 0;
			defaultConfigurationName = Release;
		};
		DCEE363825DACC37006B695F /* Build configuration list for PBXNativeTarget "DesignPatterns" */ = {
			isa = XCConfigurationList;
			buildConfigurations = (
				DCEE363925DACC37006B695F /* Debug */,
				DCEE363A25DACC37006B695F /* Release */,
			);
			defaultConfigurationIsVisible = 0;
			defaultConfigurationName = Release;
		};
		DCEE363B25DACC37006B695F /* Build configuration list for PBXNativeTarget "DesignPatternsTests" */ = {
			isa = XCConfigurationList;
			buildConfigurations = (
				DCEE363C25DACC37006B695F /* Debug */,
				DCEE363D25DACC37006B695F /* Release */,
			);
			defaultConfigurationIsVisible = 0;
			defaultConfigurationName = Release;
		};
		DCEE363E25DACC37006B695F /* Build configuration list for PBXNativeTarget "DesignPatternsUITests" */ = {
			isa = XCConfigurationList;
			buildConfigurations = (
				DCEE363F25DACC37006B695F /* Debug */,
				DCEE364025DACC37006B695F /* Release */,
			);
			defaultConfigurationIsVisible = 0;
			defaultConfigurationName = Release;
		};
/* End XCConfigurationList section */
	};
	rootObject = DCEE360625DACC35006B695F /* Project object */;
}
